
Microsoft Visual Studio Solution File, Format Version 12.00
# Visual Studio Version 16
VisualStudioVersion = 16.0.31402.337
MinimumVisualStudioVersion = 10.0.40219.1
Project("{FAE04EC0-301F-11D3-BF4B-00C04F79EFBC}") = "vdvOOP", "vdvOOP\vdvOOP.csproj", "{321E2284-2D91-4722-8E71-6C3C71871462}"
EndProject
Global
	GlobalSection(SolutionConfigurationPlatforms) = preSolution
		Debug|Any CPU = Debug|Any CPU
		Release|Any CPU = Release|Any CPU
	EndGlobalSection
	GlobalSection(ProjectConfigurationPlatforms) = postSolution
		{321E2284-2D91-4722-8E71-6C3C71871462}.Debug|Any CPU.ActiveCfg = Debug|Any CPU
		{321E2284-2D91-4722-8E71-6C3C71871462}.Debug|Any CPU.Build.0 = Debug|Any CPU
		{321E2284-2D91-4722-8E71-6C3C71871462}.Release|Any CPU.ActiveCfg = Release|Any CPU
		{321E2284-2D91-4722-8E71-6C3C71871462}.Release|Any CPU.Build.0 = Release|Any CPU
	EndGlobalSection
	GlobalSection(SolutionProperties) = preSolution
		HideSolutionNode = FALSE
	EndGlobalSection
	GlobalSection(ExtensibilityGlobals) = postSolution
		SolutionGuid = {21AD11F0-2F97-44A3-B083-7A5790CEE5DE}
	EndGlobalSection
EndGlobal
